// !$*UTF8*$!
{
	archiveVersion = 1;
	classes = {
	};
	objectVersion = 56;
	objects = {

/* Begin PBXBuildFile section */
		97768A4A29EE966E006B883B /* AppDelegate.swift in Sources */ = {isa = PBXBuildFile; fileRef = 97768A4929EE966E006B883B /* AppDelegate.swift */; };
		97768A4C29EE966E006B883B /* SceneDelegate.swift in Sources */ = {isa = PBXBuildFile; fileRef = 97768A4B29EE966E006B883B /* SceneDelegate.swift */; };
		97768A4E29EE966E006B883B /* RocketViewController.swift in Sources */ = {isa = PBXBuildFile; fileRef = 97768A4D29EE966E006B883B /* RocketViewController.swift */; };
		97768A5329EE966F006B883B /* Assets.xcassets in Resources */ = {isa = PBXBuildFile; fileRef = 97768A5229EE966F006B883B /* Assets.xcassets */; };
		97768A5629EE966F006B883B /* LaunchScreen.storyboard in Resources */ = {isa = PBXBuildFile; fileRef = 97768A5429EE966F006B883B /* LaunchScreen.storyboard */; };
		97768A5F29EF021F006B883B /* SnapKit in Frameworks */ = {isa = PBXBuildFile; productRef = 97768A5E29EF021F006B883B /* SnapKit */; };
		97768A6129EF0347006B883B /* RocketView.swift in Sources */ = {isa = PBXBuildFile; fileRef = 97768A6029EF0347006B883B /* RocketView.swift */; };
		97768A6329F17340006B883B /* UIColor+hex.swift in Sources */ = {isa = PBXBuildFile; fileRef = 97768A6229F17340006B883B /* UIColor+hex.swift */; };
		97768A6A29FBE2EF006B883B /* UIColor+Styling.swift in Sources */ = {isa = PBXBuildFile; fileRef = 97768A6929FBE2EF006B883B /* UIColor+Styling.swift */; };
/* End PBXBuildFile section */

/* Begin PBXFileReference section */
		97768A4629EE966E006B883B /* SpaceXfalconApp.app */ = {isa = PBXFileReference; explicitFileType = wrapper.application; includeInIndex = 0; path = SpaceXfalconApp.app; sourceTree = BUILT_PRODUCTS_DIR; };
		97768A4929EE966E006B883B /* AppDelegate.swift */ = {isa = PBXFileReference; lastKnownFileType = sourcecode.swift; path = AppDelegate.swift; sourceTree = "<group>"; };
		97768A4B29EE966E006B883B /* SceneDelegate.swift */ = {isa = PBXFileReference; lastKnownFileType = sourcecode.swift; path = SceneDelegate.swift; sourceTree = "<group>"; };
		97768A4D29EE966E006B883B /* RocketViewController.swift */ = {isa = PBXFileReference; lastKnownFileType = sourcecode.swift; path = RocketViewController.swift; sourceTree = "<group>"; };
		97768A5229EE966F006B883B /* Assets.xcassets */ = {isa = PBXFileReference; lastKnownFileType = folder.assetcatalog; path = Assets.xcassets; sourceTree = "<group>"; };
		97768A5529EE966F006B883B /* Base */ = {isa = PBXFileReference; lastKnownFileType = file.storyboard; name = Base; path = Base.lproj/LaunchScreen.storyboard; sourceTree = "<group>"; };
		97768A5729EE966F006B883B /* Info.plist */ = {isa = PBXFileReference; lastKnownFileType = text.plist.xml; path = Info.plist; sourceTree = "<group>"; };
		97768A6029EF0347006B883B /* RocketView.swift */ = {isa = PBXFileReference; lastKnownFileType = sourcecode.swift; path = RocketView.swift; sourceTree = "<group>"; };
		97768A6229F17340006B883B /* UIColor+hex.swift */ = {isa = PBXFileReference; lastKnownFileType = sourcecode.swift; path = "UIColor+hex.swift"; sourceTree = "<group>"; };
		97768A6929FBE2EF006B883B /* UIColor+Styling.swift */ = {isa = PBXFileReference; lastKnownFileType = sourcecode.swift; path = "UIColor+Styling.swift"; sourceTree = "<group>"; };
/* End PBXFileReference section */

/* Begin PBXFrameworksBuildPhase section */
		97768A4329EE966E006B883B /* Frameworks */ = {
			isa = PBXFrameworksBuildPhase;
			buildActionMask = 2147483647;
			files = (
				97768A5F29EF021F006B883B /* SnapKit in Frameworks */,
			);
			runOnlyForDeploymentPostprocessing = 0;
		};
/* End PBXFrameworksBuildPhase section */

/* Begin PBXGroup section */
		97768A3D29EE966E006B883B = {
			isa = PBXGroup;
			children = (
				97768A4829EE966E006B883B /* SpaceXfalconApp */,
				97768A4729EE966E006B883B /* Products */,
			);
			sourceTree = "<group>";
		};
		97768A4729EE966E006B883B /* Products */ = {
			isa = PBXGroup;
			children = (
				97768A4629EE966E006B883B /* SpaceXfalconApp.app */,
			);
			name = Products;
			sourceTree = "<group>";
		};
		97768A4829EE966E006B883B /* SpaceXfalconApp */ = {
			isa = PBXGroup;
			children = (
				97768A4929EE966E006B883B /* AppDelegate.swift */,
				97768A4B29EE966E006B883B /* SceneDelegate.swift */,
				97768A4D29EE966E006B883B /* RocketViewController.swift */,
				97768A6029EF0347006B883B /* RocketView.swift */,
				97768A6829FBE2C5006B883B /* Extensions */,
				97768A5229EE966F006B883B /* Assets.xcassets */,
				97768A5429EE966F006B883B /* LaunchScreen.storyboard */,
				97768A5729EE966F006B883B /* Info.plist */,
			);
			path = SpaceXfalconApp;
			sourceTree = "<group>";
		};
		97768A6829FBE2C5006B883B /* Extensions */ = {
			isa = PBXGroup;
			children = (
				97768A6229F17340006B883B /* UIColor+hex.swift */,
				97768A6929FBE2EF006B883B /* UIColor+Styling.swift */,
			);
			path = Extensions;
			sourceTree = "<group>";
		};
/* End PBXGroup section */

/* Begin PBXNativeTarget section */
		97768A4529EE966E006B883B /* SpaceXfalconApp */ = {
			isa = PBXNativeTarget;
			buildConfigurationList = 97768A5A29EE966F006B883B /* Build configuration list for PBXNativeTarget "SpaceXfalconApp" */;
			buildPhases = (
				97768A4229EE966E006B883B /* Sources */,
				97768A4329EE966E006B883B /* Frameworks */,
				97768A4429EE966E006B883B /* Resources */,
			);
			buildRules = (
			);
			dependencies = (
			);
			name = SpaceXfalconApp;
			packageProductDependencies = (
				97768A5E29EF021F006B883B /* SnapKit */,
			);
			productName = SpaceXfalconApp;
			productReference = 97768A4629EE966E006B883B /* SpaceXfalconApp.app */;
			productType = "com.apple.product-type.application";
		};
/* End PBXNativeTarget section */

/* Begin PBXProject section */
		97768A3E29EE966E006B883B /* Project object */ = {
			isa = PBXProject;
			attributes = {
				BuildIndependentTargetsInParallel = 1;
				LastSwiftUpdateCheck = 1430;
				LastUpgradeCheck = 1430;
				TargetAttributes = {
					97768A4529EE966E006B883B = {
						CreatedOnToolsVersion = 14.3;
					};
				};
			};
			buildConfigurationList = 97768A4129EE966E006B883B /* Build configuration list for PBXProject "SpaceXfalconApp" */;
			compatibilityVersion = "Xcode 14.0";
			developmentRegion = en;
			hasScannedForEncodings = 0;
			knownRegions = (
				en,
				Base,
			);
			mainGroup = 97768A3D29EE966E006B883B;
			packageReferences = (
				97768A5D29EF021F006B883B /* XCRemoteSwiftPackageReference "SnapKit" */,
			);
			productRefGroup = 97768A4729EE966E006B883B /* Products */;
			projectDirPath = "";
			projectRoot = "";
			targets = (
				97768A4529EE966E006B883B /* SpaceXfalconApp */,
			);
		};
/* End PBXProject section */

/* Begin PBXResourcesBuildPhase section */
		97768A4429EE966E006B883B /* Resources */ = {
			isa = PBXResourcesBuildPhase;
			buildActionMask = 2147483647;
			files = (
				97768A5629EE966F006B883B /* LaunchScreen.storyboard in Resources */,
				97768A5329EE966F006B883B /* Assets.xcassets in Resources */,
			);
			runOnlyForDeploymentPostprocessing = 0;
		};
/* End PBXResourcesBuildPhase section */

/* Begin PBXSourcesBuildPhase section */
		97768A4229EE966E006B883B /* Sources */ = {
			isa = PBXSourcesBuildPhase;
			buildActionMask = 2147483647;
			files = (
				97768A4E29EE966E006B883B /* RocketViewController.swift in Sources */,
				97768A6129EF0347006B883B /* RocketView.swift in Sources */,
				97768A6329F17340006B883B /* UIColor+hex.swift in Sources */,
				97768A4A29EE966E006B883B /* AppDelegate.swift in Sources */,
				97768A6A29FBE2EF006B883B /* UIColor+Styling.swift in Sources */,
				97768A4C29EE966E006B883B /* SceneDelegate.swift in Sources */,
			);
			runOnlyForDeploymentPostprocessing = 0;
		};
/* End PBXSourcesBuildPhase section */

/* Begin PBXVariantGroup section */
		97768A5429EE966F006B883B /* LaunchScreen.storyboard */ = {
			isa = PBXVariantGroup;
			children = (
				97768A5529EE966F006B883B /* Base */,
			);
			name = LaunchScreen.storyboard;
			sourceTree = "<group>";
		};
/* End PBXVariantGroup section */

/* Begin XCBuildConfiguration section */
		97768A5829EE966F006B883B /* Debug */ = {
			isa = XCBuildConfiguration;
			buildSettings = {
				ALWAYS_SEARCH_USER_PATHS = NO;
				CLANG_ANALYZER_NONNULL = YES;
				CLANG_ANALYZER_NUMBER_OBJECT_CONVERSION = YES_AGGRESSIVE;
				CLANG_CXX_LANGUAGE_STANDARD = "gnu++20";
				CLANG_ENABLE_MODULES = YES;
				CLANG_ENABLE_OBJC_ARC = YES;
				CLANG_ENABLE_OBJC_WEAK = YES;
				CLANG_WARN_BLOCK_CAPTURE_AUTORELEASING = YES;
				CLANG_WARN_BOOL_CONVERSION = YES;
				CLANG_WARN_COMMA = YES;
				CLANG_WARN_CONSTANT_CONVERSION = YES;
				CLANG_WARN_DEPRECATED_OBJC_IMPLEMENTATIONS = YES;
				CLANG_WARN_DIRECT_OBJC_ISA_USAGE = YES_ERROR;
				CLANG_WARN_DOCUMENTATION_COMMENTS = YES;
				CLANG_WARN_EMPTY_BODY = YES;
				CLANG_WARN_ENUM_CONVERSION = YES;
				CLANG_WARN_INFINITE_RECURSION = YES;
				CLANG_WARN_INT_CONVERSION = YES;
				CLANG_WARN_NON_LITERAL_NULL_CONVERSION = YES;
				CLANG_WARN_OBJC_IMPLICIT_RETAIN_SELF = YES;
				CLANG_WARN_OBJC_LITERAL_CONVERSION = YES;
				CLANG_WARN_OBJC_ROOT_CLASS = YES_ERROR;
				CLANG_WARN_QUOTED_INCLUDE_IN_FRAMEWORK_HEADER = YES;
				CLANG_WARN_RANGE_LOOP_ANALYSIS = YES;
				CLANG_WARN_STRICT_PROTOTYPES = YES;
				CLANG_WARN_SUSPICIOUS_MOVE = YES;
				CLANG_WARN_UNGUARDED_AVAILABILITY = YES_AGGRESSIVE;
				CLANG_WARN_UNREACHABLE_CODE = YES;
				CLANG_WARN__DUPLICATE_METHOD_MATCH = YES;
				COPY_PHASE_STRIP = NO;
				DEBUG_INFORMATION_FORMAT = dwarf;
				ENABLE_STRICT_OBJC_MSGSEND = YES;
				ENABLE_TESTABILITY = YES;
				GCC_C_LANGUAGE_STANDARD = gnu11;
				GCC_DYNAMIC_NO_PIC = NO;
				GCC_NO_COMMON_BLOCKS = YES;
				GCC_OPTIMIZATION_LEVEL = 0;
				GCC_PREPROCESSOR_DEFINITIONS = (
					"DEBUG=1",
					"$(inherited)",
				);
				GCC_WARN_64_TO_32_BIT_CONVERSION = YES;
				GCC_WARN_ABOUT_RETURN_TYPE = YES_ERROR;
				GCC_WARN_UNDECLARED_SELECTOR = YES;
				GCC_WARN_UNINITIALIZED_AUTOS = YES_AGGRESSIVE;
				GCC_WARN_UNUSED_FUNCTION = YES;
				GCC_WARN_UNUSED_VARIABLE = YES;
				IPHONEOS_DEPLOYMENT_TARGET = 16.4;
				MTL_ENABLE_DEBUG_INFO = INCLUDE_SOURCE;
				MTL_FAST_MATH = YES;
				ONLY_ACTIVE_ARCH = YES;
				SDKROOT = iphoneos;
				SWIFT_ACTIVE_COMPILATION_CONDITIONS = DEBUG;
				SWIFT_OPTIMIZATION_LEVEL = "-Onone";
			};
			name = Debug;
		};
		97768A5929EE966F006B883B /* Release */ = {
			isa = XCBuildConfiguration;
			buildSettings = {
				ALWAYS_SEARCH_USER_PATHS = NO;
				CLANG_ANALYZER_NONNULL = YES;
				CLANG_ANALYZER_NUMBER_OBJECT_CONVERSION = YES_AGGRESSIVE;
				CLANG_CXX_LANGUAGE_STANDARD = "gnu++20";
				CLANG_ENABLE_MODULES = YES;
				CLANG_ENABLE_OBJC_ARC = YES;
				CLANG_ENABLE_OBJC_WEAK = YES;
				CLANG_WARN_BLOCK_CAPTURE_AUTORELEASING = YES;
				CLANG_WARN_BOOL_CONVERSION = YES;
				CLANG_WARN_COMMA = YES;
				CLANG_WARN_CONSTANT_CONVERSION = YES;
				CLANG_WARN_DEPRECATED_OBJC_IMPLEMENTATIONS = YES;
				CLANG_WARN_DIRECT_OBJC_ISA_USAGE = YES_ERROR;
				CLANG_WARN_DOCUMENTATION_COMMENTS = YES;
				CLANG_WARN_EMPTY_BODY = YES;
				CLANG_WARN_ENUM_CONVERSION = YES;
				CLANG_WARN_INFINITE_RECURSION = YES;
				CLANG_WARN_INT_CONVERSION = YES;
				CLANG_WARN_NON_LITERAL_NULL_CONVERSION = YES;
				CLANG_WARN_OBJC_IMPLICIT_RETAIN_SELF = YES;
				CLANG_WARN_OBJC_LITERAL_CONVERSION = YES;
				CLANG_WARN_OBJC_ROOT_CLASS = YES_ERROR;
				CLANG_WARN_QUOTED_INCLUDE_IN_FRAMEWORK_HEADER = YES;
				CLANG_WARN_RANGE_LOOP_ANALYSIS = YES;
				CLANG_WARN_STRICT_PROTOTYPES = YES;
				CLANG_WARN_SUSPICIOUS_MOVE = YES;
				CLANG_WARN_UNGUARDED_AVAILABILITY = YES_AGGRESSIVE;
				CLANG_WARN_UNREACHABLE_CODE = YES;
				CLANG_WARN__DUPLICATE_METHOD_MATCH = YES;
				COPY_PHASE_STRIP = NO;
				DEBUG_INFORMATION_FORMAT = "dwarf-with-dsym";
				ENABLE_NS_ASSERTIONS = NO;
				ENABLE_STRICT_OBJC_MSGSEND = YES;
				GCC_C_LANGUAGE_STANDARD = gnu11;
				GCC_NO_COMMON_BLOCKS = YES;
				GCC_WARN_64_TO_32_BIT_CONVERSION = YES;
				GCC_WARN_ABOUT_RETURN_TYPE = YES_ERROR;
				GCC_WARN_UNDECLARED_SELECTOR = YES;
				GCC_WARN_UNINITIALIZED_AUTOS = YES_AGGRESSIVE;
				GCC_WARN_UNUSED_FUNCTION = YES;
				GCC_WARN_UNUSED_VARIABLE = YES;
				IPHONEOS_DEPLOYMENT_TARGET = 16.4;
				MTL_ENABLE_DEBUG_INFO = NO;
				MTL_FAST_MATH = YES;
				SDKROOT = iphoneos;
				SWIFT_COMPILATION_MODE = wholemodule;
				SWIFT_OPTIMIZATION_LEVEL = "-O";
				VALIDATE_PRODUCT = YES;
			};
			name = Release;
		};
		97768A5B29EE966F006B883B /* Debug */ = {
			isa = XCBuildConfiguration;
			buildSettings = {
				ASSETCATALOG_COMPILER_APPICON_NAME = AppIcon;
				ASSETCATALOG_COMPILER_GLOBAL_ACCENT_COLOR_NAME = AccentColor;
				CODE_SIGN_STYLE = Automatic;
				CURRENT_PROJECT_VERSION = 1;
				DEVELOPMENT_TEAM = AQ4P7C8N9L;
				GENERATE_INFOPLIST_FILE = YES;
				INFOPLIST_FILE = SpaceXfalconApp/Info.plist;
				INFOPLIST_KEY_UIApplicationSupportsIndirectInputEvents = YES;
				INFOPLIST_KEY_UILaunchStoryboardName = LaunchScreen;
				INFOPLIST_KEY_UISupportedInterfaceOrientations_iPad = "UIInterfaceOrientationPortrait UIInterfaceOrientationPortraitUpsideDown UIInterfaceOrientationLandscapeLeft UIInterfaceOrientationLandscapeRight";
				INFOPLIST_KEY_UISupportedInterfaceOrientations_iPhone = "UIInterfaceOrientationPortrait UIInterfaceOrientationLandscapeLeft UIInterfaceOrientationLandscapeRight";
				LD_RUNPATH_SEARCH_PATHS = (
					"$(inherited)",
					"@executable_path/Frameworks",
				);
				MARKETING_VERSION = 1.0;
				PRODUCT_BUNDLE_IDENTIFIER = "Nar-Matosyan.SpaceXfalconApp";
				PRODUCT_NAME = "$(TARGET_NAME)";
				SUPPORTED_PLATFORMS = "iphoneos iphonesimulator";
				SUPPORTS_MACCATALYST = NO;
				SUPPORTS_MAC_DESIGNED_FOR_IPHONE_IPAD = NO;
				SWIFT_EMIT_LOC_STRINGS = YES;
				SWIFT_VERSION = 5.0;
				TARGETED_DEVICE_FAMILY = 1;
			};
			name = Debug;
		};
		97768A5C29EE966F006B883B /* Release */ = {
			isa = XCBuildConfiguration;
			buildSettings = {
				ASSETCATALOG_COMPILER_APPICON_NAME = AppIcon;
				ASSETCATALOG_COMPILER_GLOBAL_ACCENT_COLOR_NAME = AccentColor;
				CODE_SIGN_STYLE = Automatic;
				CURRENT_PROJECT_VERSION = 1;
				DEVELOPMENT_TEAM = AQ4P7C8N9L;
				GENERATE_INFOPLIST_FILE = YES;
				INFOPLIST_FILE = SpaceXfalconApp/Info.plist;
				INFOPLIST_KEY_UIApplicationSupportsIndirectInputEvents = YES;
				INFOPLIST_KEY_UILaunchStoryboardName = LaunchScreen;
				INFOPLIST_KEY_UISupportedInterfaceOrientations_iPad = "UIInterfaceOrientationPortrait UIInterfaceOrientationPortraitUpsideDown UIInterfaceOrientationLandscapeLeft UIInterfaceOrientationLandscapeRight";
				INFOPLIST_KEY_UISupportedInterfaceOrientations_iPhone = "UIInterfaceOrientationPortrait UIInterfaceOrientationLandscapeLeft UIInterfaceOrientationLandscapeRight";
				LD_RUNPATH_SEARCH_PATHS = (
					"$(inherited)",
					"@executable_path/Frameworks",
				);
				MARKETING_VERSION = 1.0;
				PRODUCT_BUNDLE_IDENTIFIER = "Nar-Matosyan.SpaceXfalconApp";
				PRODUCT_NAME = "$(TARGET_NAME)";
				SUPPORTED_PLATFORMS = "iphoneos iphonesimulator";
				SUPPORTS_MACCATALYST = NO;
				SUPPORTS_MAC_DESIGNED_FOR_IPHONE_IPAD = NO;
				SWIFT_EMIT_LOC_STRINGS = YES;
				SWIFT_VERSION = 5.0;
				TARGETED_DEVICE_FAMILY = 1;
			};
			name = Release;
		};
/* End XCBuildConfiguration section */

/* Begin XCConfigurationList section */
		97768A4129EE966E006B883B /* Build configuration list for PBXProject "SpaceXfalconApp" */ = {
			isa = XCConfigurationList;
			buildConfigurations = (
				97768A5829EE966F006B883B /* Debug */,
				97768A5929EE966F006B883B /* Release */,
			);
			defaultConfigurationIsVisible = 0;
			defaultConfigurationName = Release;
		};
		97768A5A29EE966F006B883B /* Build configuration list for PBXNativeTarget "SpaceXfalconApp" */ = {
			isa = XCConfigurationList;
			buildConfigurations = (
				97768A5B29EE966F006B883B /* Debug */,
				97768A5C29EE966F006B883B /* Release */,
			);
			defaultConfigurationIsVisible = 0;
			defaultConfigurationName = Release;
		};
/* End XCConfigurationList section */

/* Begin XCRemoteSwiftPackageReference section */
		97768A5D29EF021F006B883B /* XCRemoteSwiftPackageReference "SnapKit" */ = {
			isa = XCRemoteSwiftPackageReference;
			repositoryURL = "https://github.com/SnapKit/SnapKit.git";
			requirement = {
				kind = upToNextMajorVersion;
				minimumVersion = 5.0.0;
			};
		};
/* End XCRemoteSwiftPackageReference section */

/* Begin XCSwiftPackageProductDependency section */
		97768A5E29EF021F006B883B /* SnapKit */ = {
			isa = XCSwiftPackageProductDependency;
			package = 97768A5D29EF021F006B883B /* XCRemoteSwiftPackageReference "SnapKit" */;
			productName = SnapKit;
		};
/* End XCSwiftPackageProductDependency section */
	};
	rootObject = 97768A3E29EE966E006B883B /* Project object */;
}
